github.com/davecgh/go-spew v1.1.1 h1:vj9j/u1bqnvCEfJOwUhtlOARqs3+rkHYY13jYWTU97c=
github.com/extism/go-sdk v0.0.0-20230807043403-1d45fb572644 h1:r+xxdGPOeOqZUsh7dNxSQbZWhZxQxpjAe6xy65rIfDc=
github.com/extism/go-sdk v0.0.0-20230807043403-1d45fb572644/go.mod h1:xUfKSEQndAvHBc1Ohdre0e+UdnRzUpVfbA8QLcx4fbY=
github.com/extism/go-sdk v0.0.0-20230807073724-2e50fdad8803 h1:K2EJaqmwatmhxwpVAduiOwPG94UU5lAWIROhjE0cFxg=
github.com/extism/go-sdk v0.0.0-20230807073724-2e50fdad8803/go.mod h1:xUfKSEQndAvHBc1Ohdre0e+UdnRzUpVfbA8QLcx4fbY=
github.com/extism/go-sdk v1.2.0 h1:A0DnIMthdP8h6K9NbRpRs1PIXHOUlb/t/TZWk5eUzx4=
github.com/extism/go-sdk v1.2.0/go.mod h1:xUfKSEQndAvHBc1Ohdre0e+UdnRzUpVfbA8QLcx4fbY=
github.com/fsnotify/fsnotify v1.5.4 h1:jRbGcIw6P2Meqdwuo0H1p6JVLbL5DHKAKlYndzMwVZI=
github.com/fsnotify/fsnotify v1.5.4/go.mod h1:OVB6XrOHzAwXMpEM7uPOzcehqUV2UqJxmVXmkdnm1bU=
github.com/gobwas/glob v0.2.3 h1:A4xDbljILXROh+kObIiy5kIaPYD8e96x1tgBhUI5J+Y=
github.com/gobwas/glob v0.2.3/go.mod h1:d3Ez4x06l9bZtSvzIay5+Yzi0fmZzPgnTbPcKjJAkT8=
github.com/pmezard/go-difflib v1.0.0 h1:4DBwDE0NGyQoBHbLQYPwSUPoCMWR5BEzIk/f1lZbAQM=
github.com/stretchr/testify v1.8.4 h1:CcVxjf3Q8PM0mHUKJCdn+eZZtm5yQwehR5yeSVQQcUk=
github.com/tetratelabs/wazero v1.3.0 h1:nqw7zCldxE06B8zSZAY0ACrR9OH5QCcPwYmYlwtcwtE=
github.com/tetratelabs/wazero v1.3.0/go.mod h1:wYx2gNRg8/WihJfSDxA1TIL8H+GkfLYm+bIfbblu9VQ=
golang.org/x/sys v0.0.0-20220412211240-33da011f77ad h1:ntjMns5wyP/fN65tdBD4g8J5w8n015+iIIs9rtjXkY0=
golang.org/x/sys v0.0.0-20220412211240-33da011f77ad/go.mod h1:oPkhp1MJrh7nUepCBck5+mAzfO9JrbApNNgaTdGDITg=
gopkg.in/yaml.v3 v3.0.1 h1:fxVm/GzAzEWqLHuvctI91KS9hhNmmWOoWu0XTYJS7CA=
